
Microsoft Visual Studio Solution File, Format Version 12.00
# Visual Studio Version 17
VisualStudioVersion = 17.3.32922.545
MinimumVisualStudioVersion = 10.0.40219.1
Project("{9A19103F-16F7-4668-BE54-9A1E7A4F7556}") = "Gym", "Gym\Gym.csproj", "{3F9971FA-AE53-4364-9E09-6D1997E6A1BA}"
EndProject
Project("{9A19103F-16F7-4668-BE54-9A1E7A4F7556}") = "Gym.Infrastructure", "Gym.Infrastructure\Gym.Infrastructure.csproj", "{0CC94636-E742-4FA1-B532-130ABB00C56C}"
EndProject
Project("{9A19103F-16F7-4668-BE54-9A1E7A4F7556}") = "Gym.Domain", "Gym.Domain\Gym.Domain.csproj", "{66BF5385-7373-4088-8C33-D3C072671C11}"
EndProject
Project("{9A19103F-16F7-4668-BE54-9A1E7A4F7556}") = "Gym.Application", "Gym.Application\Gym.Application.csproj", "{9F02EAD2-8530-4586-9C5E-3A5E6A041D0A}"
EndProject
Project("{2150E333-8FDC-42A3-9474-1A3956D46DE8}") = "src", "src", "{1E361EA7-8F8E-4777-A3BF-F74A4EC44D74}"
EndProject
Project("{2150E333-8FDC-42A3-9474-1A3956D46DE8}") = "test", "test", "{EF74BE14-2910-42A1-83C9-6345E3585922}"
EndProject
Project("{FAE04EC0-301F-11D3-BF4B-00C04F79EFBC}") = "Gym.DataAccess", "Gym.DataAccess\Gym.DataAccess.csproj", "{09130F70-A868-4AE2-9717-88849F2000C0}"
EndProject
Global
	GlobalSection(SolutionConfigurationPlatforms) = preSolution
		Debug|Any CPU = Debug|Any CPU
		Release|Any CPU = Release|Any CPU
	EndGlobalSection
	GlobalSection(ProjectConfigurationPlatforms) = postSolution
		{3F9971FA-AE53-4364-9E09-6D1997E6A1BA}.Debug|Any CPU.ActiveCfg = Debug|Any CPU
		{3F9971FA-AE53-4364-9E09-6D1997E6A1BA}.Debug|Any CPU.Build.0 = Debug|Any CPU
		{3F9971FA-AE53-4364-9E09-6D1997E6A1BA}.Release|Any CPU.ActiveCfg = Release|Any CPU
		{3F9971FA-AE53-4364-9E09-6D1997E6A1BA}.Release|Any CPU.Build.0 = Release|Any CPU
		{0CC94636-E742-4FA1-B532-130ABB00C56C}.Debug|Any CPU.ActiveCfg = Debug|Any CPU
		{0CC94636-E742-4FA1-B532-130ABB00C56C}.Debug|Any CPU.Build.0 = Debug|Any CPU
		{0CC94636-E742-4FA1-B532-130ABB00C56C}.Release|Any CPU.ActiveCfg = Release|Any CPU
		{0CC94636-E742-4FA1-B532-130ABB00C56C}.Release|Any CPU.Build.0 = Release|Any CPU
		{66BF5385-7373-4088-8C33-D3C072671C11}.Debug|Any CPU.ActiveCfg = Debug|Any CPU
		{66BF5385-7373-4088-8C33-D3C072671C11}.Debug|Any CPU.Build.0 = Debug|Any CPU
		{66BF5385-7373-4088-8C33-D3C072671C11}.Release|Any CPU.ActiveCfg = Release|Any CPU
		{66BF5385-7373-4088-8C33-D3C072671C11}.Release|Any CPU.Build.0 = Release|Any CPU
		{9F02EAD2-8530-4586-9C5E-3A5E6A041D0A}.Debug|Any CPU.ActiveCfg = Debug|Any CPU
		{9F02EAD2-8530-4586-9C5E-3A5E6A041D0A}.Debug|Any CPU.Build.0 = Debug|Any CPU
		{9F02EAD2-8530-4586-9C5E-3A5E6A041D0A}.Release|Any CPU.ActiveCfg = Release|Any CPU
		{9F02EAD2-8530-4586-9C5E-3A5E6A041D0A}.Release|Any CPU.Build.0 = Release|Any CPU
		{09130F70-A868-4AE2-9717-88849F2000C0}.Debug|Any CPU.ActiveCfg = Debug|Any CPU
		{09130F70-A868-4AE2-9717-88849F2000C0}.Debug|Any CPU.Build.0 = Debug|Any CPU
		{09130F70-A868-4AE2-9717-88849F2000C0}.Release|Any CPU.ActiveCfg = Release|Any CPU
		{09130F70-A868-4AE2-9717-88849F2000C0}.Release|Any CPU.Build.0 = Release|Any CPU
	EndGlobalSection
	GlobalSection(SolutionProperties) = preSolution
		HideSolutionNode = FALSE
	EndGlobalSection
	GlobalSection(NestedProjects) = preSolution
		{3F9971FA-AE53-4364-9E09-6D1997E6A1BA} = {1E361EA7-8F8E-4777-A3BF-F74A4EC44D74}
		{0CC94636-E742-4FA1-B532-130ABB00C56C} = {1E361EA7-8F8E-4777-A3BF-F74A4EC44D74}
		{66BF5385-7373-4088-8C33-D3C072671C11} = {1E361EA7-8F8E-4777-A3BF-F74A4EC44D74}
		{9F02EAD2-8530-4586-9C5E-3A5E6A041D0A} = {1E361EA7-8F8E-4777-A3BF-F74A4EC44D74}
		{09130F70-A868-4AE2-9717-88849F2000C0} = {1E361EA7-8F8E-4777-A3BF-F74A4EC44D74}
	EndGlobalSection
	GlobalSection(ExtensibilityGlobals) = postSolution
		SolutionGuid = {E9E8C7C1-F606-4C9F-9519-7E3BC3A85A30}
	EndGlobalSection
EndGlobal
