
Microsoft Visual Studio Solution File, Format Version 12.00
# Visual Studio Version 17
VisualStudioVersion = 17.3.32922.545
MinimumVisualStudioVersion = 10.0.40219.1
Project("{9A19103F-16F7-4668-BE54-9A1E7A4F7556}") = "Gym.Api", "Gym\Gym.Api.csproj", "{3F9971FA-AE53-4364-9E09-6D1997E6A1BA}"
EndProject
Project("{9A19103F-16F7-4668-BE54-9A1E7A4F7556}") = "Gym.EntityFramework", "Gym.Infrastructure\Gym.EntityFramework.csproj", "{0CC94636-E742-4FA1-B532-130ABB00C56C}"
EndProject
Project("{9A19103F-16F7-4668-BE54-9A1E7A4F7556}") = "Gym", "Gym.Domain\Gym.csproj", "{66BF5385-7373-4088-8C33-D3C072671C11}"
EndProject
Project("{9A19103F-16F7-4668-BE54-9A1E7A4F7556}") = "Gym.Application", "Gym.Application\Gym.Application.csproj", "{9F02EAD2-8530-4586-9C5E-3A5E6A041D0A}"
EndProject
Project("{2150E333-8FDC-42A3-9474-1A3956D46DE8}") = "src", "src", "{1E361EA7-8F8E-4777-A3BF-F74A4EC44D74}"
EndProject
Project("{9A19103F-16F7-4668-BE54-9A1E7A4F7556}") = "Gym.DataAccess", "Gym.DataAccess\Gym.DataAccess.csproj", "{09130F70-A868-4AE2-9717-88849F2000C0}"
EndProject
Project("{2150E333-8FDC-42A3-9474-1A3956D46DE8}") = "01 - Domain", "01 - Domain", "{0E1D0D5E-BD3E-4EE6-892E-538F1FF8BC3C}"
EndProject
Project("{2150E333-8FDC-42A3-9474-1A3956D46DE8}") = "02 - Application", "02 - Application", "{255AA804-E17F-40E1-9FCC-E1F73A64D9A3}"
EndProject
Project("{2150E333-8FDC-42A3-9474-1A3956D46DE8}") = "03 - Infrastructure", "03 - Infrastructure", "{9FEB0D2C-0EA6-48F2-B103-53159CB30387}"
EndProject
Project("{00D1A9C2-B5F0-4AF3-8072-F6C62B433612}") = "Gym.Database", "Gym.Database\Gym.Database.sqlproj", "{A45E7280-3CF1-4029-889A-68B5FCA20338}"
EndProject
Project("{2150E333-8FDC-42A3-9474-1A3956D46DE8}") = "00 - Api", "00 - Api", "{E8B5B3F9-6D0D-4F61-968E-F14D285A47C5}"
EndProject
Global
	GlobalSection(SolutionConfigurationPlatforms) = preSolution
		Debug|Any CPU = Debug|Any CPU
		Release|Any CPU = Release|Any CPU
	EndGlobalSection
	GlobalSection(ProjectConfigurationPlatforms) = postSolution
		{3F9971FA-AE53-4364-9E09-6D1997E6A1BA}.Debug|Any CPU.ActiveCfg = Debug|Any CPU
		{3F9971FA-AE53-4364-9E09-6D1997E6A1BA}.Debug|Any CPU.Build.0 = Debug|Any CPU
		{3F9971FA-AE53-4364-9E09-6D1997E6A1BA}.Release|Any CPU.ActiveCfg = Release|Any CPU
		{3F9971FA-AE53-4364-9E09-6D1997E6A1BA}.Release|Any CPU.Build.0 = Release|Any CPU
		{0CC94636-E742-4FA1-B532-130ABB00C56C}.Debug|Any CPU.ActiveCfg = Debug|Any CPU
		{0CC94636-E742-4FA1-B532-130ABB00C56C}.Debug|Any CPU.Build.0 = Debug|Any CPU
		{0CC94636-E742-4FA1-B532-130ABB00C56C}.Release|Any CPU.ActiveCfg = Release|Any CPU
		{0CC94636-E742-4FA1-B532-130ABB00C56C}.Release|Any CPU.Build.0 = Release|Any CPU
		{66BF5385-7373-4088-8C33-D3C072671C11}.Debug|Any CPU.ActiveCfg = Debug|Any CPU
		{66BF5385-7373-4088-8C33-D3C072671C11}.Debug|Any CPU.Build.0 = Debug|Any CPU
		{66BF5385-7373-4088-8C33-D3C072671C11}.Release|Any CPU.ActiveCfg = Release|Any CPU
		{66BF5385-7373-4088-8C33-D3C072671C11}.Release|Any CPU.Build.0 = Release|Any CPU
		{9F02EAD2-8530-4586-9C5E-3A5E6A041D0A}.Debug|Any CPU.ActiveCfg = Debug|Any CPU
		{9F02EAD2-8530-4586-9C5E-3A5E6A041D0A}.Debug|Any CPU.Build.0 = Debug|Any CPU
		{9F02EAD2-8530-4586-9C5E-3A5E6A041D0A}.Release|Any CPU.ActiveCfg = Release|Any CPU
		{9F02EAD2-8530-4586-9C5E-3A5E6A041D0A}.Release|Any CPU.Build.0 = Release|Any CPU
		{09130F70-A868-4AE2-9717-88849F2000C0}.Debug|Any CPU.ActiveCfg = Debug|Any CPU
		{09130F70-A868-4AE2-9717-88849F2000C0}.Debug|Any CPU.Build.0 = Debug|Any CPU
		{09130F70-A868-4AE2-9717-88849F2000C0}.Release|Any CPU.ActiveCfg = Release|Any CPU
		{09130F70-A868-4AE2-9717-88849F2000C0}.Release|Any CPU.Build.0 = Release|Any CPU
		{A45E7280-3CF1-4029-889A-68B5FCA20338}.Debug|Any CPU.ActiveCfg = Debug|Any CPU
		{A45E7280-3CF1-4029-889A-68B5FCA20338}.Debug|Any CPU.Build.0 = Debug|Any CPU
		{A45E7280-3CF1-4029-889A-68B5FCA20338}.Debug|Any CPU.Deploy.0 = Debug|Any CPU
		{A45E7280-3CF1-4029-889A-68B5FCA20338}.Release|Any CPU.ActiveCfg = Release|Any CPU
		{A45E7280-3CF1-4029-889A-68B5FCA20338}.Release|Any CPU.Build.0 = Release|Any CPU
		{A45E7280-3CF1-4029-889A-68B5FCA20338}.Release|Any CPU.Deploy.0 = Release|Any CPU
	EndGlobalSection
	GlobalSection(SolutionProperties) = preSolution
		HideSolutionNode = FALSE
	EndGlobalSection
	GlobalSection(NestedProjects) = preSolution
		{3F9971FA-AE53-4364-9E09-6D1997E6A1BA} = {E8B5B3F9-6D0D-4F61-968E-F14D285A47C5}
		{0CC94636-E742-4FA1-B532-130ABB00C56C} = {9FEB0D2C-0EA6-48F2-B103-53159CB30387}
		{66BF5385-7373-4088-8C33-D3C072671C11} = {0E1D0D5E-BD3E-4EE6-892E-538F1FF8BC3C}
		{9F02EAD2-8530-4586-9C5E-3A5E6A041D0A} = {255AA804-E17F-40E1-9FCC-E1F73A64D9A3}
		{09130F70-A868-4AE2-9717-88849F2000C0} = {0E1D0D5E-BD3E-4EE6-892E-538F1FF8BC3C}
		{0E1D0D5E-BD3E-4EE6-892E-538F1FF8BC3C} = {1E361EA7-8F8E-4777-A3BF-F74A4EC44D74}
		{255AA804-E17F-40E1-9FCC-E1F73A64D9A3} = {1E361EA7-8F8E-4777-A3BF-F74A4EC44D74}
		{9FEB0D2C-0EA6-48F2-B103-53159CB30387} = {1E361EA7-8F8E-4777-A3BF-F74A4EC44D74}
		{A45E7280-3CF1-4029-889A-68B5FCA20338} = {9FEB0D2C-0EA6-48F2-B103-53159CB30387}
		{E8B5B3F9-6D0D-4F61-968E-F14D285A47C5} = {1E361EA7-8F8E-4777-A3BF-F74A4EC44D74}
	EndGlobalSection
	GlobalSection(ExtensibilityGlobals) = postSolution
		SolutionGuid = {E9E8C7C1-F606-4C9F-9519-7E3BC3A85A30}
	EndGlobalSection
EndGlobal
